
Microsoft Visual Studio Solution File, Format Version 12.00
# Visual Studio 14
VisualStudioVersion = 14.0.25123.0
MinimumVisualStudioVersion = 10.0.40219.1
Project("{8BC9CEB8-8B4A-11D0-8D11-00A0C91BC942}") = "TUIBinTUIClientVRED", "Projects\TUIBinTUIClientVRED\TUIBinTUIClientVRED.vcxproj", "{52F7C011-E8B0-430A-8A76-B8293F2D43F0}"
	ProjectSection(ProjectDependencies) = postProject
		{792B883D-EEFC-45DA-B548-B5D5DCE951EC} = {792B883D-EEFC-45DA-B548-B5D5DCE951EC}
	EndProjectSection
EndProject
Project("{8BC9CEB8-8B4A-11D0-8D11-00A0C91BC942}") = "TUIBinWinModClient", "Projects\TUIBinWinModClient\TUIBinWinModClient.vcxproj", "{1C7D3ABE-9CE5-426D-BEA1-21C76902402D}"
	ProjectSection(ProjectDependencies) = postProject
		{792B883D-EEFC-45DA-B548-B5D5DCE951EC} = {792B883D-EEFC-45DA-B548-B5D5DCE951EC}
	EndProjectSection
EndProject
Project("{8BC9CEB8-8B4A-11D0-8D11-00A0C91BC942}") = "TUIFrameworkClient", "Projects\TUIFrameworkClient\TUIFrameworkClient.vcxproj", "{792B883D-EEFC-45DA-B548-B5D5DCE951EC}"
	ProjectSection(ProjectDependencies) = postProject
		{84CDEB24-49D6-4135-81DD-B53451F3A505} = {84CDEB24-49D6-4135-81DD-B53451F3A505}
	EndProjectSection
EndProject
Project("{8BC9CEB8-8B4A-11D0-8D11-00A0C91BC942}") = "TUIFrameworkServer", "Projects\TUIFrameworkServer\TUIFrameworkServer.vcxproj", "{3A5DB29C-BC64-441D-A479-2215FFC1E02C}"
	ProjectSection(ProjectDependencies) = postProject
		{84CDEB24-49D6-4135-81DD-B53451F3A505} = {84CDEB24-49D6-4135-81DD-B53451F3A505}
	EndProjectSection
EndProject
Project("{8BC9CEB8-8B4A-11D0-8D11-00A0C91BC942}") = "TUIFrameworkXML", "Projects\TUIFrameworkXML\TUIFrameworkXML.vcxproj", "{C36CAC3B-3C92-4448-91E7-52AF4A32B233}"
	ProjectSection(ProjectDependencies) = postProject
		{84CDEB24-49D6-4135-81DD-B53451F3A505} = {84CDEB24-49D6-4135-81DD-B53451F3A505}
	EndProjectSection
EndProject
Project("{8BC9CEB8-8B4A-11D0-8D11-00A0C91BC942}") = "TUILibDTrack", "Projects\TUILibDTrack\TUILibDTrack.vcxproj", "{2346B8BB-E20E-43FB-BD9F-4D2EDA44506C}"
	ProjectSection(ProjectDependencies) = postProject
		{84CDEB24-49D6-4135-81DD-B53451F3A505} = {84CDEB24-49D6-4135-81DD-B53451F3A505}
		{3A5DB29C-BC64-441D-A479-2215FFC1E02C} = {3A5DB29C-BC64-441D-A479-2215FFC1E02C}
	EndProjectSection
EndProject
Project("{8BC9CEB8-8B4A-11D0-8D11-00A0C91BC942}") = "TUILibDTrackDLL", "Projects\TUILibDTrackDLL\TUILibDTrackDLL.vcxproj", "{3E582B64-6F44-4A5F-99DA-9B24830E429A}"
	ProjectSection(ProjectDependencies) = postProject
		{2346B8BB-E20E-43FB-BD9F-4D2EDA44506C} = {2346B8BB-E20E-43FB-BD9F-4D2EDA44506C}
	EndProjectSection
EndProject
Project("{8BC9CEB8-8B4A-11D0-8D11-00A0C91BC942}") = "TUILibDummy", "Projects\TUILibDummy\TUILibDummy.vcxproj", "{CBD1E039-9419-40D1-9751-6F3672396922}"
	ProjectSection(ProjectDependencies) = postProject
		{84CDEB24-49D6-4135-81DD-B53451F3A505} = {84CDEB24-49D6-4135-81DD-B53451F3A505}
		{3A5DB29C-BC64-441D-A479-2215FFC1E02C} = {3A5DB29C-BC64-441D-A479-2215FFC1E02C}
	EndProjectSection
EndProject
Project("{8BC9CEB8-8B4A-11D0-8D11-00A0C91BC942}") = "TUILibDummyDLL", "Projects\TUILibDummyDLL\TUILibDummyDLL.vcxproj", "{3E7D80C0-C2A7-4D07-96E2-1007BC18AC5D}"
	ProjectSection(ProjectDependencies) = postProject
		{CBD1E039-9419-40D1-9751-6F3672396922} = {CBD1E039-9419-40D1-9751-6F3672396922}
	EndProjectSection
EndProject
Project("{8BC9CEB8-8B4A-11D0-8D11-00A0C91BC942}") = "TUILibKinect", "Projects\TUILibKinect\TUILibKinect.vcxproj", "{0B98AE9C-BD62-4554-827E-30AA21F9DB76}"
	ProjectSection(ProjectDependencies) = postProject
		{84CDEB24-49D6-4135-81DD-B53451F3A505} = {84CDEB24-49D6-4135-81DD-B53451F3A505}
		{3A5DB29C-BC64-441D-A479-2215FFC1E02C} = {3A5DB29C-BC64-441D-A479-2215FFC1E02C}
	EndProjectSection
EndProject
Project("{8BC9CEB8-8B4A-11D0-8D11-00A0C91BC942}") = "TUILibKinectDLL", "Projects\TUILibKinectDLL\TUILibKinectDLL.vcxproj", "{5B2E4FFA-401D-4E91-B333-A98511B12D27}"
	ProjectSection(ProjectDependencies) = postProject
		{0B98AE9C-BD62-4554-827E-30AA21F9DB76} = {0B98AE9C-BD62-4554-827E-30AA21F9DB76}
	EndProjectSection
EndProject
Project("{8BC9CEB8-8B4A-11D0-8D11-00A0C91BC942}") = "TUILibKinectTransf", "Projects\TUILibKinectTransf\TUILibKinectTransf.vcxproj", "{E761CBB3-0AAC-4416-974F-000761BBEA30}"
	ProjectSection(ProjectDependencies) = postProject
		{84CDEB24-49D6-4135-81DD-B53451F3A505} = {84CDEB24-49D6-4135-81DD-B53451F3A505}
		{3A5DB29C-BC64-441D-A479-2215FFC1E02C} = {3A5DB29C-BC64-441D-A479-2215FFC1E02C}
	EndProjectSection
EndProject
Project("{8BC9CEB8-8B4A-11D0-8D11-00A0C91BC942}") = "TUILibKinectTransfDLL", "Projects\TUILibKinectTransfDLL\TUILibKinectTransfDLL.vcxproj", "{C734EF9B-C42B-4F51-83EC-D3C4CF01E395}"
	ProjectSection(ProjectDependencies) = postProject
		{E761CBB3-0AAC-4416-974F-000761BBEA30} = {E761CBB3-0AAC-4416-974F-000761BBEA30}
	EndProjectSection
EndProject
Project("{8BC9CEB8-8B4A-11D0-8D11-00A0C91BC942}") = "TUILibMatrix4Calibration", "Projects\TUILibMatrix4Calibration\TUILibMatrix4Calibration.vcxproj", "{3C7B6841-C174-4595-BB3C-45B7136D1FE3}"
	ProjectSection(ProjectDependencies) = postProject
		{84CDEB24-49D6-4135-81DD-B53451F3A505} = {84CDEB24-49D6-4135-81DD-B53451F3A505}
		{3A5DB29C-BC64-441D-A479-2215FFC1E02C} = {3A5DB29C-BC64-441D-A479-2215FFC1E02C}
	EndProjectSection
EndProject
Project("{8BC9CEB8-8B4A-11D0-8D11-00A0C91BC942}") = "TUILibMatrix4CalibrationDLL", "Projects\TUILibMatrix4CalibrationDLL\TUILibMatrix4CalibrationDLL.vcxproj", "{EE075B27-916A-4A49-978D-758403ABF1E9}"
	ProjectSection(ProjectDependencies) = postProject
		{3C7B6841-C174-4595-BB3C-45B7136D1FE3} = {3C7B6841-C174-4595-BB3C-45B7136D1FE3}
	EndProjectSection
EndProject
Project("{8BC9CEB8-8B4A-11D0-8D11-00A0C91BC942}") = "TUILibMatrix4OpDLL", "Projects\TUILibMatrix4OpDLL\TUILibMatrix4OpDLL.vcxproj", "{B26DFA60-35AC-4A12-97A7-0F0C36B13D6D}"
	ProjectSection(ProjectDependencies) = postProject
		{3A831C0F-2278-4CA0-9A77-6C6D3AF93CDA} = {3A831C0F-2278-4CA0-9A77-6C6D3AF93CDA}
	EndProjectSection
EndProject
Project("{8BC9CEB8-8B4A-11D0-8D11-00A0C91BC942}") = "TUILibMatrix4Op", "Projects\TUILibMatxi4Op\TUILibMatxi4Op.vcxproj", "{3A831C0F-2278-4CA0-9A77-6C6D3AF93CDA}"
	ProjectSection(ProjectDependencies) = postProject
		{84CDEB24-49D6-4135-81DD-B53451F3A505} = {84CDEB24-49D6-4135-81DD-B53451F3A505}
		{3A5DB29C-BC64-441D-A479-2215FFC1E02C} = {3A5DB29C-BC64-441D-A479-2215FFC1E02C}
	EndProjectSection
EndProject
Project("{8BC9CEB8-8B4A-11D0-8D11-00A0C91BC942}") = "TUILibMotionCaptureStub", "Projects\TUILibMotionCaptureStub\TUILibMotionCaptureStub.vcxproj", "{6D6A369D-E86D-4897-BAB9-3D2C3686DE3C}"
	ProjectSection(ProjectDependencies) = postProject
		{84CDEB24-49D6-4135-81DD-B53451F3A505} = {84CDEB24-49D6-4135-81DD-B53451F3A505}
		{3A5DB29C-BC64-441D-A479-2215FFC1E02C} = {3A5DB29C-BC64-441D-A479-2215FFC1E02C}
	EndProjectSection
EndProject
Project("{8BC9CEB8-8B4A-11D0-8D11-00A0C91BC942}") = "TUILibMotionCaptureStubDLL", "Projects\TUILibMotionCaptureStubDLL\TUILibMotionCaptureStubDLL.vcxproj", "{67C375F4-3B00-4129-9FDA-5256BDB17360}"
	ProjectSection(ProjectDependencies) = postProject
		{6D6A369D-E86D-4897-BAB9-3D2C3686DE3C} = {6D6A369D-E86D-4897-BAB9-3D2C3686DE3C}
	EndProjectSection
EndProject
Project("{8BC9CEB8-8B4A-11D0-8D11-00A0C91BC942}") = "TUILibMouse", "Projects\TUILibMouse\TUILibMouse.vcxproj", "{89143C92-C6F1-4FE6-AF99-DFCD51EBF6E9}"
	ProjectSection(ProjectDependencies) = postProject
		{84CDEB24-49D6-4135-81DD-B53451F3A505} = {84CDEB24-49D6-4135-81DD-B53451F3A505}
		{3A5DB29C-BC64-441D-A479-2215FFC1E02C} = {3A5DB29C-BC64-441D-A479-2215FFC1E02C}
	EndProjectSection
EndProject
Project("{8BC9CEB8-8B4A-11D0-8D11-00A0C91BC942}") = "TUILibMouseDemux", "Projects\TUILibMouseDemux\TUILibMouseDemux.vcxproj", "{EBDE1374-7281-454C-BFAD-451F0E5FA031}"
	ProjectSection(ProjectDependencies) = postProject
		{84CDEB24-49D6-4135-81DD-B53451F3A505} = {84CDEB24-49D6-4135-81DD-B53451F3A505}
		{3A5DB29C-BC64-441D-A479-2215FFC1E02C} = {3A5DB29C-BC64-441D-A479-2215FFC1E02C}
	EndProjectSection
EndProject
Project("{8BC9CEB8-8B4A-11D0-8D11-00A0C91BC942}") = "TUILibMouseDLL", "Projects\TUILibMouseDLL\TUILibMouseDLL.vcxproj", "{7EB4D58F-7654-42DD-9090-5C20CF100694}"
	ProjectSection(ProjectDependencies) = postProject
		{89143C92-C6F1-4FE6-AF99-DFCD51EBF6E9} = {89143C92-C6F1-4FE6-AF99-DFCD51EBF6E9}
	EndProjectSection
EndProject
Project("{8BC9CEB8-8B4A-11D0-8D11-00A0C91BC942}") = "TUILibPhidgets", "Projects\TUILibPhidgets\TUILibPhidgets.vcxproj", "{853FAD17-F232-4FB0-B2B9-A53964C4F4F8}"
	ProjectSection(ProjectDependencies) = postProject
		{84CDEB24-49D6-4135-81DD-B53451F3A505} = {84CDEB24-49D6-4135-81DD-B53451F3A505}
		{3A5DB29C-BC64-441D-A479-2215FFC1E02C} = {3A5DB29C-BC64-441D-A479-2215FFC1E02C}
	EndProjectSection
EndProject
Project("{8BC9CEB8-8B4A-11D0-8D11-00A0C91BC942}") = "TUILibPhidgetsDLL", "Projects\TUILibPhidgetsDLL\TUILibPhidgetsDLL.vcxproj", "{D0F58F09-CEAC-48AC-88BE-861FB79BB57C}"
	ProjectSection(ProjectDependencies) = postProject
		{853FAD17-F232-4FB0-B2B9-A53964C4F4F8} = {853FAD17-F232-4FB0-B2B9-A53964C4F4F8}
	EndProjectSection
EndProject
Project("{8BC9CEB8-8B4A-11D0-8D11-00A0C91BC942}") = "TUILibTUITypes", "Projects\TUILibTUITypes\TUILibTUITypes.vcxproj", "{57FA6338-D1E5-428C-A329-A3837EE86F1E}"
	ProjectSection(ProjectDependencies) = postProject
		{84CDEB24-49D6-4135-81DD-B53451F3A505} = {84CDEB24-49D6-4135-81DD-B53451F3A505}
		{3A5DB29C-BC64-441D-A479-2215FFC1E02C} = {3A5DB29C-BC64-441D-A479-2215FFC1E02C}
	EndProjectSection
EndProject
Project("{8BC9CEB8-8B4A-11D0-8D11-00A0C91BC942}") = "TUILibTUITypesDLL", "Projects\TUILibTUITypesDLL\TUILibTUITypesDLL.vcxproj", "{F907CBE5-3E9E-47C2-BD5F-11C60452CB8F}"
	ProjectSection(ProjectDependencies) = postProject
		{57FA6338-D1E5-428C-A329-A3837EE86F1E} = {57FA6338-D1E5-428C-A329-A3837EE86F1E}
	EndProjectSection
EndProject
Project("{8BC9CEB8-8B4A-11D0-8D11-00A0C91BC942}") = "TUILibTypeConverter", "Projects\TUILibTypeConverter\TUILibTypeConverter.vcxproj", "{408ADA96-FE40-45FA-8F0C-97A77306043A}"
	ProjectSection(ProjectDependencies) = postProject
		{84CDEB24-49D6-4135-81DD-B53451F3A505} = {84CDEB24-49D6-4135-81DD-B53451F3A505}
		{3A5DB29C-BC64-441D-A479-2215FFC1E02C} = {3A5DB29C-BC64-441D-A479-2215FFC1E02C}
	EndProjectSection
EndProject
Project("{8BC9CEB8-8B4A-11D0-8D11-00A0C91BC942}") = "TUILibTypeConverterDLL", "Projects\TUILibTypeConverterDLL\TUILibTypeConverterDLL.vcxproj", "{FD21EB70-1630-4C5B-B1B8-5FEAA4FEF7A4}"
	ProjectSection(ProjectDependencies) = postProject
		{408ADA96-FE40-45FA-8F0C-97A77306043A} = {408ADA96-FE40-45FA-8F0C-97A77306043A}
	EndProjectSection
EndProject
Project("{8BC9CEB8-8B4A-11D0-8D11-00A0C91BC942}") = "TUILibWinMod", "Projects\TUILibWinMod\TUILibWinMod.vcxproj", "{98CDF38C-5ED4-4F7F-B9F5-2FB27B864C3A}"
	ProjectSection(ProjectDependencies) = postProject
		{84CDEB24-49D6-4135-81DD-B53451F3A505} = {84CDEB24-49D6-4135-81DD-B53451F3A505}
		{3A5DB29C-BC64-441D-A479-2215FFC1E02C} = {3A5DB29C-BC64-441D-A479-2215FFC1E02C}
	EndProjectSection
EndProject
Project("{8BC9CEB8-8B4A-11D0-8D11-00A0C91BC942}") = "TUILibWinModDemux", "Projects\TUILibWinModDemux\TUILibWinModDemux.vcxproj", "{7827D9E5-416F-4D49-A5AC-02BC36366123}"
	ProjectSection(ProjectDependencies) = postProject
		{84CDEB24-49D6-4135-81DD-B53451F3A505} = {84CDEB24-49D6-4135-81DD-B53451F3A505}
		{3A5DB29C-BC64-441D-A479-2215FFC1E02C} = {3A5DB29C-BC64-441D-A479-2215FFC1E02C}
	EndProjectSection
EndProject
Project("{8BC9CEB8-8B4A-11D0-8D11-00A0C91BC942}") = "TUILibWinModDemuxDLL", "Projects\TUILibWinModDemuxDLL\TUILibWinModDemuxDLL.vcxproj", "{FA0263A6-896C-4E89-B702-922E351CA548}"
	ProjectSection(ProjectDependencies) = postProject
		{7827D9E5-416F-4D49-A5AC-02BC36366123} = {7827D9E5-416F-4D49-A5AC-02BC36366123}
	EndProjectSection
EndProject
Project("{8BC9CEB8-8B4A-11D0-8D11-00A0C91BC942}") = "TUILibWinModDLL", "Projects\TUILibWinModDLL\TUILibWinModDLL.vcxproj", "{17E0AD5C-4A42-4545-B17F-8F72E0025D63}"
	ProjectSection(ProjectDependencies) = postProject
		{98CDF38C-5ED4-4F7F-B9F5-2FB27B864C3A} = {98CDF38C-5ED4-4F7F-B9F5-2FB27B864C3A}
	EndProjectSection
EndProject
Project("{8BC9CEB8-8B4A-11D0-8D11-00A0C91BC942}") = "TUILibXController", "Projects\TUILibXController\TUILibXController.vcxproj", "{AB68CE04-38EB-4E78-9889-050D2C32159A}"
	ProjectSection(ProjectDependencies) = postProject
		{84CDEB24-49D6-4135-81DD-B53451F3A505} = {84CDEB24-49D6-4135-81DD-B53451F3A505}
		{3A5DB29C-BC64-441D-A479-2215FFC1E02C} = {3A5DB29C-BC64-441D-A479-2215FFC1E02C}
	EndProjectSection
EndProject
Project("{8BC9CEB8-8B4A-11D0-8D11-00A0C91BC942}") = "TUILibXControllerDemux", "Projects\TUILibXControllerDemux\TUILibXControllerDemux.vcxproj", "{94F547DE-DB82-4C73-9889-904908B571E3}"
	ProjectSection(ProjectDependencies) = postProject
		{84CDEB24-49D6-4135-81DD-B53451F3A505} = {84CDEB24-49D6-4135-81DD-B53451F3A505}
		{3A5DB29C-BC64-441D-A479-2215FFC1E02C} = {3A5DB29C-BC64-441D-A479-2215FFC1E02C}
	EndProjectSection
EndProject
Project("{8BC9CEB8-8B4A-11D0-8D11-00A0C91BC942}") = "TUILibXControllerDLL", "Projects\TUILibXControllerDLL\TUILibXControllerDLL.vcxproj", "{5433DE32-F284-402C-A90E-0511F2594D80}"
	ProjectSection(ProjectDependencies) = postProject
		{AB68CE04-38EB-4E78-9889-050D2C32159A} = {AB68CE04-38EB-4E78-9889-050D2C32159A}
	EndProjectSection
EndProject
Project("{8BC9CEB8-8B4A-11D0-8D11-00A0C91BC942}") = "TUILibXControllerDemuxDLL", "Projects\TUILibXControllerDemuxDLL\TUILibXControllerDemuxDLL.vcxproj", "{58750A8E-BD07-4657-A68D-6F7C2ADF6C89}"
	ProjectSection(ProjectDependencies) = postProject
		{94F547DE-DB82-4C73-9889-904908B571E3} = {94F547DE-DB82-4C73-9889-904908B571E3}
	EndProjectSection
EndProject
Project("{8BC9CEB8-8B4A-11D0-8D11-00A0C91BC942}") = "TUIBinTUIServer", "Projects\TUIServer\TUIServer.vcxproj", "{C2FC45C3-D5BA-47DB-A1A7-1CBB030CE0FF}"
	ProjectSection(ProjectDependencies) = postProject
		{C36CAC3B-3C92-4448-91E7-52AF4A32B233} = {C36CAC3B-3C92-4448-91E7-52AF4A32B233}
		{3A5DB29C-BC64-441D-A479-2215FFC1E02C} = {3A5DB29C-BC64-441D-A479-2215FFC1E02C}
	EndProjectSection
EndProject
Project("{8BC9CEB8-8B4A-11D0-8D11-00A0C91BC942}") = "TUIFrameworkCore", "Projects\TUIFrameworkCore\TUIFrameworkCore.vcxproj", "{84CDEB24-49D6-4135-81DD-B53451F3A505}"
EndProject
Project("{8BC9CEB8-8B4A-11D0-8D11-00A0C91BC942}") = "TUILibMouseDemuxDLL", "Projects\TUILibMouseDemuxDLL\TUILibMouseDemuxDLL.vcxproj", "{1FE03029-1FC0-4AD1-BB7D-B240833ABE86}"
	ProjectSection(ProjectDependencies) = postProject
		{EBDE1374-7281-454C-BFAD-451F0E5FA031} = {EBDE1374-7281-454C-BFAD-451F0E5FA031}
	EndProjectSection
EndProject
Project("{8BC9CEB8-8B4A-11D0-8D11-00A0C91BC942}") = "TUIBinMouseClient", "Projects\TUIBinMouseClient\TUIBinMouseClient.vcxproj", "{002ACCEC-2D4E-400F-9BEF-AB9DFF004489}"
EndProject
Project("{8BC9CEB8-8B4A-11D0-8D11-00A0C91BC942}") = "TUIBinXControllerClient", "Projects\TUIBinXControllerClient\TUIBinXControllerClient.vcxproj", "{20167883-4420-415C-8936-69E3B018C418}"
EndProject
Project("{8BC9CEB8-8B4A-11D0-8D11-00A0C91BC942}") = "TUIBinTUIClientOPC", "Projects\TUIBinTUIClientOPC\TUIBinTUIClientOPC.vcxproj", "{6FA933B2-B77D-44D8-9C19-689C08EA1E73}"
EndProject
Project("{8BC9CEB8-8B4A-11D0-8D11-00A0C91BC942}") = "TUILibOPC", "Projects\TUILibOPC\TUILibOPC.vcxproj", "{31A02084-0F5E-4895-9125-2D50A1C39B8D}"
EndProject
Project("{8BC9CEB8-8B4A-11D0-8D11-00A0C91BC942}") = "TUILibOPCDLL", "Projects\TUILibOPCDLL\TUILibOPCDLL.vcxproj", "{D415CEDD-83C3-4F0E-B157-5BAFE33C05EE}"
EndProject
Project("{2150E333-8FDC-42A3-9474-1A3956D46DE8}") = "Clients", "Clients", "{CEA963E4-EE6B-441A-A084-1F1A4F024590}"
EndProject
Project("{2150E333-8FDC-42A3-9474-1A3956D46DE8}") = "TUIFramework", "TUIFramework", "{91CED3AA-B204-4FFD-97B3-50E03E463843}"
EndProject
Project("{2150E333-8FDC-42A3-9474-1A3956D46DE8}") = "TUILibs", "TUILibs", "{4260607F-D736-40DB-8F17-36CBD37A0FDE}"
EndProject
Project("{2150E333-8FDC-42A3-9474-1A3956D46DE8}") = "Static", "Static", "{74793AC8-1223-4E76-900E-8BCF477D8C26}"
EndProject
Project("{2150E333-8FDC-42A3-9474-1A3956D46DE8}") = "Shared", "Shared", "{9DF0FCCD-E9D4-488D-89E1-E0FE5DAB6B40}"
EndProject
Project("{2150E333-8FDC-42A3-9474-1A3956D46DE8}") = "Extensions", "Extensions", "{77087268-D37F-4C6C-9834-9A325F725B6C}"
EndProject
Project("{8BC9CEB8-8B4A-11D0-8D11-00A0C91BC942}") = "MouseServer", "..\..\extensions\MouseServer\MouseServer.vcxproj", "{F84E21FB-7868-459E-9D2A-6EDC61B2897A}"
EndProject
Project("{2150E333-8FDC-42A3-9474-1A3956D46DE8}") = "C++_CSharp API", "C++_CSharp API", "{36CDC8B9-D0E9-45AF-A6CB-8E046607A94C}"
EndProject
Project("{8BC9CEB8-8B4A-11D0-8D11-00A0C91BC942}") = "TUIC++ API DLL", "..\..\extensions\Unity\TUI-Client-c++Lib\TUI-Client-Wrapper.vcxproj", "{FFAC739E-2C10-4CD0-A0CE-7612F5A46886}"
EndProject
Project("{FAE04EC0-301F-11D3-BF4B-00C04F79EFBC}") = "TUICSharp API DLL", "..\..\extensions\Unity\TUI-Client-C#lib\TUI-Client-Libary\TUICSharp API DLL.csproj", "{94B36C99-81AB-4823-88A3-BC52EEE68180}"
EndProject
Project("{FAE04EC0-301F-11D3-BF4B-00C04F79EFBC}") = "TUICSharp Client Demo", "..\..\extensions\Unity\TUI-Client-C#lib\TUIClientUnityDemo\TUICSharp Client Demo.csproj", "{9C022375-B7DE-4E5A-9BCB-5E05D523D015}"
EndProject
Project("{2150E333-8FDC-42A3-9474-1A3956D46DE8}") = "TUICSharpDemo", "TUICSharpDemo", "{53088612-5DB1-44F2-87D3-4C5F7CE2D06A}"
EndProject
Global
	GlobalSection(SolutionConfigurationPlatforms) = preSolution
		Debug|Any CPU = Debug|Any CPU
		Debug|Win32 = Debug|Win32
		Debug|x64 = Debug|x64
		Release|Any CPU = Release|Any CPU
		Release|Win32 = Release|Win32
		Release|x64 = Release|x64
	EndGlobalSection
	GlobalSection(ProjectConfigurationPlatforms) = postSolution
		{52F7C011-E8B0-430A-8A76-B8293F2D43F0}.Debug|Any CPU.ActiveCfg = Debug|Win32
		{52F7C011-E8B0-430A-8A76-B8293F2D43F0}.Debug|Win32.ActiveCfg = Debug|Win32
		{52F7C011-E8B0-430A-8A76-B8293F2D43F0}.Debug|Win32.Build.0 = Debug|Win32
		{52F7C011-E8B0-430A-8A76-B8293F2D43F0}.Debug|x64.ActiveCfg = Debug|Win32
		{52F7C011-E8B0-430A-8A76-B8293F2D43F0}.Release|Any CPU.ActiveCfg = Release|Win32
		{52F7C011-E8B0-430A-8A76-B8293F2D43F0}.Release|Win32.ActiveCfg = Release|Win32
		{52F7C011-E8B0-430A-8A76-B8293F2D43F0}.Release|Win32.Build.0 = Release|Win32
		{52F7C011-E8B0-430A-8A76-B8293F2D43F0}.Release|x64.ActiveCfg = Release|Win32
		{1C7D3ABE-9CE5-426D-BEA1-21C76902402D}.Debug|Any CPU.ActiveCfg = Debug|Win32
		{1C7D3ABE-9CE5-426D-BEA1-21C76902402D}.Debug|Win32.ActiveCfg = Debug|Win32
		{1C7D3ABE-9CE5-426D-BEA1-21C76902402D}.Debug|Win32.Build.0 = Debug|Win32
		{1C7D3ABE-9CE5-426D-BEA1-21C76902402D}.Debug|x64.ActiveCfg = Debug|Win32
		{1C7D3ABE-9CE5-426D-BEA1-21C76902402D}.Release|Any CPU.ActiveCfg = Release|Win32
		{1C7D3ABE-9CE5-426D-BEA1-21C76902402D}.Release|Win32.ActiveCfg = Release|Win32
		{1C7D3ABE-9CE5-426D-BEA1-21C76902402D}.Release|Win32.Build.0 = Release|Win32
		{1C7D3ABE-9CE5-426D-BEA1-21C76902402D}.Release|x64.ActiveCfg = Release|Win32
		{792B883D-EEFC-45DA-B548-B5D5DCE951EC}.Debug|Any CPU.ActiveCfg = Debug|Win32
		{792B883D-EEFC-45DA-B548-B5D5DCE951EC}.Debug|Win32.ActiveCfg = Debug|Win32
		{792B883D-EEFC-45DA-B548-B5D5DCE951EC}.Debug|Win32.Build.0 = Debug|Win32
		{792B883D-EEFC-45DA-B548-B5D5DCE951EC}.Debug|x64.ActiveCfg = Debug|x64
		{792B883D-EEFC-45DA-B548-B5D5DCE951EC}.Debug|x64.Build.0 = Debug|x64
		{792B883D-EEFC-45DA-B548-B5D5DCE951EC}.Release|Any CPU.ActiveCfg = Release|Win32
		{792B883D-EEFC-45DA-B548-B5D5DCE951EC}.Release|Win32.ActiveCfg = Release|Win32
		{792B883D-EEFC-45DA-B548-B5D5DCE951EC}.Release|Win32.Build.0 = Release|Win32
		{792B883D-EEFC-45DA-B548-B5D5DCE951EC}.Release|x64.ActiveCfg = Debug|x64
		{3A5DB29C-BC64-441D-A479-2215FFC1E02C}.Debug|Any CPU.ActiveCfg = Debug|Win32
		{3A5DB29C-BC64-441D-A479-2215FFC1E02C}.Debug|Win32.ActiveCfg = Debug|Win32
		{3A5DB29C-BC64-441D-A479-2215FFC1E02C}.Debug|Win32.Build.0 = Debug|Win32
		{3A5DB29C-BC64-441D-A479-2215FFC1E02C}.Debug|x64.ActiveCfg = Debug|Win32
		{3A5DB29C-BC64-441D-A479-2215FFC1E02C}.Debug|x64.Build.0 = Debug|Win32
		{3A5DB29C-BC64-441D-A479-2215FFC1E02C}.Release|Any CPU.ActiveCfg = Release|Win32
		{3A5DB29C-BC64-441D-A479-2215FFC1E02C}.Release|Win32.ActiveCfg = Release|Win32
		{3A5DB29C-BC64-441D-A479-2215FFC1E02C}.Release|Win32.Build.0 = Release|Win32
		{3A5DB29C-BC64-441D-A479-2215FFC1E02C}.Release|x64.ActiveCfg = Debug|x64
		{C36CAC3B-3C92-4448-91E7-52AF4A32B233}.Debug|Any CPU.ActiveCfg = Debug|Win32
		{C36CAC3B-3C92-4448-91E7-52AF4A32B233}.Debug|Win32.ActiveCfg = Debug|Win32
		{C36CAC3B-3C92-4448-91E7-52AF4A32B233}.Debug|Win32.Build.0 = Debug|Win32
		{C36CAC3B-3C92-4448-91E7-52AF4A32B233}.Debug|x64.ActiveCfg = Debug|Win32
		{C36CAC3B-3C92-4448-91E7-52AF4A32B233}.Release|Any CPU.ActiveCfg = Release|Win32
		{C36CAC3B-3C92-4448-91E7-52AF4A32B233}.Release|Win32.ActiveCfg = Release|Win32
		{C36CAC3B-3C92-4448-91E7-52AF4A32B233}.Release|Win32.Build.0 = Release|Win32
		{C36CAC3B-3C92-4448-91E7-52AF4A32B233}.Release|x64.ActiveCfg = Release|Win32
		{2346B8BB-E20E-43FB-BD9F-4D2EDA44506C}.Debug|Any CPU.ActiveCfg = Debug|Win32
		{2346B8BB-E20E-43FB-BD9F-4D2EDA44506C}.Debug|Win32.ActiveCfg = Debug|Win32
		{2346B8BB-E20E-43FB-BD9F-4D2EDA44506C}.Debug|Win32.Build.0 = Debug|Win32
		{2346B8BB-E20E-43FB-BD9F-4D2EDA44506C}.Debug|x64.ActiveCfg = Debug|Win32
		{2346B8BB-E20E-43FB-BD9F-4D2EDA44506C}.Release|Any CPU.ActiveCfg = Release|Win32
		{2346B8BB-E20E-43FB-BD9F-4D2EDA44506C}.Release|Win32.ActiveCfg = Release|Win32
		{2346B8BB-E20E-43FB-BD9F-4D2EDA44506C}.Release|Win32.Build.0 = Release|Win32
		{2346B8BB-E20E-43FB-BD9F-4D2EDA44506C}.Release|x64.ActiveCfg = Release|Win32
		{3E582B64-6F44-4A5F-99DA-9B24830E429A}.Debug|Any CPU.ActiveCfg = Debug|Win32
		{3E582B64-6F44-4A5F-99DA-9B24830E429A}.Debug|Win32.ActiveCfg = Debug|Win32
		{3E582B64-6F44-4A5F-99DA-9B24830E429A}.Debug|Win32.Build.0 = Debug|Win32
		{3E582B64-6F44-4A5F-99DA-9B24830E429A}.Debug|x64.ActiveCfg = Debug|Win32
		{3E582B64-6F44-4A5F-99DA-9B24830E429A}.Release|Any CPU.ActiveCfg = Release|Win32
		{3E582B64-6F44-4A5F-99DA-9B24830E429A}.Release|Win32.ActiveCfg = Release|Win32
		{3E582B64-6F44-4A5F-99DA-9B24830E429A}.Release|Win32.Build.0 = Release|Win32
		{3E582B64-6F44-4A5F-99DA-9B24830E429A}.Release|x64.ActiveCfg = Release|Win32
		{CBD1E039-9419-40D1-9751-6F3672396922}.Debug|Any CPU.ActiveCfg = Debug|Win32
		{CBD1E039-9419-40D1-9751-6F3672396922}.Debug|Win32.ActiveCfg = Debug|Win32
		{CBD1E039-9419-40D1-9751-6F3672396922}.Debug|Win32.Build.0 = Debug|Win32
		{CBD1E039-9419-40D1-9751-6F3672396922}.Debug|x64.ActiveCfg = Debug|Win32
		{CBD1E039-9419-40D1-9751-6F3672396922}.Release|Any CPU.ActiveCfg = Release|Win32
		{CBD1E039-9419-40D1-9751-6F3672396922}.Release|Win32.ActiveCfg = Release|Win32
		{CBD1E039-9419-40D1-9751-6F3672396922}.Release|Win32.Build.0 = Release|Win32
		{CBD1E039-9419-40D1-9751-6F3672396922}.Release|x64.ActiveCfg = Release|Win32
		{3E7D80C0-C2A7-4D07-96E2-1007BC18AC5D}.Debug|Any CPU.ActiveCfg = Debug|Win32
		{3E7D80C0-C2A7-4D07-96E2-1007BC18AC5D}.Debug|Win32.ActiveCfg = Debug|Win32
		{3E7D80C0-C2A7-4D07-96E2-1007BC18AC5D}.Debug|Win32.Build.0 = Debug|Win32
		{3E7D80C0-C2A7-4D07-96E2-1007BC18AC5D}.Debug|x64.ActiveCfg = Debug|Win32
		{3E7D80C0-C2A7-4D07-96E2-1007BC18AC5D}.Release|Any CPU.ActiveCfg = Release|Win32
		{3E7D80C0-C2A7-4D07-96E2-1007BC18AC5D}.Release|Win32.ActiveCfg = Release|Win32
		{3E7D80C0-C2A7-4D07-96E2-1007BC18AC5D}.Release|Win32.Build.0 = Release|Win32
		{3E7D80C0-C2A7-4D07-96E2-1007BC18AC5D}.Release|x64.ActiveCfg = Release|Win32
		{0B98AE9C-BD62-4554-827E-30AA21F9DB76}.Debug|Any CPU.ActiveCfg = Debug|Win32
		{0B98AE9C-BD62-4554-827E-30AA21F9DB76}.Debug|Win32.ActiveCfg = Debug|Win32
		{0B98AE9C-BD62-4554-827E-30AA21F9DB76}.Debug|Win32.Build.0 = Debug|Win32
		{0B98AE9C-BD62-4554-827E-30AA21F9DB76}.Debug|x64.ActiveCfg = Debug|Win32
		{0B98AE9C-BD62-4554-827E-30AA21F9DB76}.Release|Any CPU.ActiveCfg = Release|Win32
		{0B98AE9C-BD62-4554-827E-30AA21F9DB76}.Release|Win32.ActiveCfg = Release|Win32
		{0B98AE9C-BD62-4554-827E-30AA21F9DB76}.Release|Win32.Build.0 = Release|Win32
		{0B98AE9C-BD62-4554-827E-30AA21F9DB76}.Release|x64.ActiveCfg = Release|Win32
		{5B2E4FFA-401D-4E91-B333-A98511B12D27}.Debug|Any CPU.ActiveCfg = Debug|Win32
		{5B2E4FFA-401D-4E91-B333-A98511B12D27}.Debug|Win32.ActiveCfg = Debug|Win32
		{5B2E4FFA-401D-4E91-B333-A98511B12D27}.Debug|Win32.Build.0 = Debug|Win32
		{5B2E4FFA-401D-4E91-B333-A98511B12D27}.Debug|x64.ActiveCfg = Debug|Win32
		{5B2E4FFA-401D-4E91-B333-A98511B12D27}.Release|Any CPU.ActiveCfg = Release|Win32
		{5B2E4FFA-401D-4E91-B333-A98511B12D27}.Release|Win32.ActiveCfg = Release|Win32
		{5B2E4FFA-401D-4E91-B333-A98511B12D27}.Release|Win32.Build.0 = Release|Win32
		{5B2E4FFA-401D-4E91-B333-A98511B12D27}.Release|x64.ActiveCfg = Release|Win32
		{E761CBB3-0AAC-4416-974F-000761BBEA30}.Debug|Any CPU.ActiveCfg = Debug|Win32
		{E761CBB3-0AAC-4416-974F-000761BBEA30}.Debug|Win32.ActiveCfg = Debug|Win32
		{E761CBB3-0AAC-4416-974F-000761BBEA30}.Debug|Win32.Build.0 = Debug|Win32
		{E761CBB3-0AAC-4416-974F-000761BBEA30}.Debug|x64.ActiveCfg = Debug|Win32
		{E761CBB3-0AAC-4416-974F-000761BBEA30}.Release|Any CPU.ActiveCfg = Release|Win32
		{E761CBB3-0AAC-4416-974F-000761BBEA30}.Release|Win32.ActiveCfg = Release|Win32
		{E761CBB3-0AAC-4416-974F-000761BBEA30}.Release|Win32.Build.0 = Release|Win32
		{E761CBB3-0AAC-4416-974F-000761BBEA30}.Release|x64.ActiveCfg = Release|Win32
		{C734EF9B-C42B-4F51-83EC-D3C4CF01E395}.Debug|Any CPU.ActiveCfg = Debug|Win32
		{C734EF9B-C42B-4F51-83EC-D3C4CF01E395}.Debug|Win32.ActiveCfg = Debug|Win32
		{C734EF9B-C42B-4F51-83EC-D3C4CF01E395}.Debug|Win32.Build.0 = Debug|Win32
		{C734EF9B-C42B-4F51-83EC-D3C4CF01E395}.Debug|x64.ActiveCfg = Debug|Win32
		{C734EF9B-C42B-4F51-83EC-D3C4CF01E395}.Release|Any CPU.ActiveCfg = Release|Win32
		{C734EF9B-C42B-4F51-83EC-D3C4CF01E395}.Release|Win32.ActiveCfg = Release|Win32
		{C734EF9B-C42B-4F51-83EC-D3C4CF01E395}.Release|Win32.Build.0 = Release|Win32
		{C734EF9B-C42B-4F51-83EC-D3C4CF01E395}.Release|x64.ActiveCfg = Release|Win32
		{3C7B6841-C174-4595-BB3C-45B7136D1FE3}.Debug|Any CPU.ActiveCfg = Debug|Win32
		{3C7B6841-C174-4595-BB3C-45B7136D1FE3}.Debug|Win32.ActiveCfg = Debug|Win32
		{3C7B6841-C174-4595-BB3C-45B7136D1FE3}.Debug|Win32.Build.0 = Debug|Win32
		{3C7B6841-C174-4595-BB3C-45B7136D1FE3}.Debug|x64.ActiveCfg = Debug|Win32
		{3C7B6841-C174-4595-BB3C-45B7136D1FE3}.Release|Any CPU.ActiveCfg = Release|Win32
		{3C7B6841-C174-4595-BB3C-45B7136D1FE3}.Release|Win32.ActiveCfg = Release|Win32
		{3C7B6841-C174-4595-BB3C-45B7136D1FE3}.Release|Win32.Build.0 = Release|Win32
		{3C7B6841-C174-4595-BB3C-45B7136D1FE3}.Release|x64.ActiveCfg = Release|Win32
		{EE075B27-916A-4A49-978D-758403ABF1E9}.Debug|Any CPU.ActiveCfg = Debug|Win32
		{EE075B27-916A-4A49-978D-758403ABF1E9}.Debug|Win32.ActiveCfg = Debug|Win32
		{EE075B27-916A-4A49-978D-758403ABF1E9}.Debug|Win32.Build.0 = Debug|Win32
		{EE075B27-916A-4A49-978D-758403ABF1E9}.Debug|x64.ActiveCfg = Debug|Win32
		{EE075B27-916A-4A49-978D-758403ABF1E9}.Release|Any CPU.ActiveCfg = Release|Win32
		{EE075B27-916A-4A49-978D-758403ABF1E9}.Release|Win32.ActiveCfg = Release|Win32
		{EE075B27-916A-4A49-978D-758403ABF1E9}.Release|Win32.Build.0 = Release|Win32
		{EE075B27-916A-4A49-978D-758403ABF1E9}.Release|x64.ActiveCfg = Release|Win32
		{B26DFA60-35AC-4A12-97A7-0F0C36B13D6D}.Debug|Any CPU.ActiveCfg = Debug|Win32
		{B26DFA60-35AC-4A12-97A7-0F0C36B13D6D}.Debug|Win32.ActiveCfg = Debug|Win32
		{B26DFA60-35AC-4A12-97A7-0F0C36B13D6D}.Debug|Win32.Build.0 = Debug|Win32
		{B26DFA60-35AC-4A12-97A7-0F0C36B13D6D}.Debug|x64.ActiveCfg = Debug|Win32
		{B26DFA60-35AC-4A12-97A7-0F0C36B13D6D}.Release|Any CPU.ActiveCfg = Release|Win32
		{B26DFA60-35AC-4A12-97A7-0F0C36B13D6D}.Release|Win32.ActiveCfg = Release|Win32
		{B26DFA60-35AC-4A12-97A7-0F0C36B13D6D}.Release|Win32.Build.0 = Release|Win32
		{B26DFA60-35AC-4A12-97A7-0F0C36B13D6D}.Release|x64.ActiveCfg = Release|Win32
		{3A831C0F-2278-4CA0-9A77-6C6D3AF93CDA}.Debug|Any CPU.ActiveCfg = Debug|Win32
		{3A831C0F-2278-4CA0-9A77-6C6D3AF93CDA}.Debug|Win32.ActiveCfg = Debug|Win32
		{3A831C0F-2278-4CA0-9A77-6C6D3AF93CDA}.Debug|Win32.Build.0 = Debug|Win32
		{3A831C0F-2278-4CA0-9A77-6C6D3AF93CDA}.Debug|x64.ActiveCfg = Debug|Win32
		{3A831C0F-2278-4CA0-9A77-6C6D3AF93CDA}.Release|Any CPU.ActiveCfg = Release|Win32
		{3A831C0F-2278-4CA0-9A77-6C6D3AF93CDA}.Release|Win32.ActiveCfg = Release|Win32
		{3A831C0F-2278-4CA0-9A77-6C6D3AF93CDA}.Release|Win32.Build.0 = Release|Win32
		{3A831C0F-2278-4CA0-9A77-6C6D3AF93CDA}.Release|x64.ActiveCfg = Release|Win32
		{6D6A369D-E86D-4897-BAB9-3D2C3686DE3C}.Debug|Any CPU.ActiveCfg = Debug|Win32
		{6D6A369D-E86D-4897-BAB9-3D2C3686DE3C}.Debug|Win32.ActiveCfg = Debug|Win32
		{6D6A369D-E86D-4897-BAB9-3D2C3686DE3C}.Debug|Win32.Build.0 = Debug|Win32
		{6D6A369D-E86D-4897-BAB9-3D2C3686DE3C}.Debug|x64.ActiveCfg = Debug|Win32
		{6D6A369D-E86D-4897-BAB9-3D2C3686DE3C}.Release|Any CPU.ActiveCfg = Release|Win32
		{6D6A369D-E86D-4897-BAB9-3D2C3686DE3C}.Release|Win32.ActiveCfg = Release|Win32
		{6D6A369D-E86D-4897-BAB9-3D2C3686DE3C}.Release|Win32.Build.0 = Release|Win32
		{6D6A369D-E86D-4897-BAB9-3D2C3686DE3C}.Release|x64.ActiveCfg = Release|Win32
		{67C375F4-3B00-4129-9FDA-5256BDB17360}.Debug|Any CPU.ActiveCfg = Debug|Win32
		{67C375F4-3B00-4129-9FDA-5256BDB17360}.Debug|Win32.ActiveCfg = Debug|Win32
		{67C375F4-3B00-4129-9FDA-5256BDB17360}.Debug|Win32.Build.0 = Debug|Win32
		{67C375F4-3B00-4129-9FDA-5256BDB17360}.Debug|x64.ActiveCfg = Debug|Win32
		{67C375F4-3B00-4129-9FDA-5256BDB17360}.Release|Any CPU.ActiveCfg = Release|Win32
		{67C375F4-3B00-4129-9FDA-5256BDB17360}.Release|Win32.ActiveCfg = Release|Win32
		{67C375F4-3B00-4129-9FDA-5256BDB17360}.Release|Win32.Build.0 = Release|Win32
		{67C375F4-3B00-4129-9FDA-5256BDB17360}.Release|x64.ActiveCfg = Release|Win32
		{89143C92-C6F1-4FE6-AF99-DFCD51EBF6E9}.Debug|Any CPU.ActiveCfg = Debug|Win32
		{89143C92-C6F1-4FE6-AF99-DFCD51EBF6E9}.Debug|Win32.ActiveCfg = Debug|Win32
		{89143C92-C6F1-4FE6-AF99-DFCD51EBF6E9}.Debug|Win32.Build.0 = Debug|Win32
		{89143C92-C6F1-4FE6-AF99-DFCD51EBF6E9}.Debug|x64.ActiveCfg = Debug|Win32
		{89143C92-C6F1-4FE6-AF99-DFCD51EBF6E9}.Release|Any CPU.ActiveCfg = Release|Win32
		{89143C92-C6F1-4FE6-AF99-DFCD51EBF6E9}.Release|Win32.ActiveCfg = Release|Win32
		{89143C92-C6F1-4FE6-AF99-DFCD51EBF6E9}.Release|Win32.Build.0 = Release|Win32
		{89143C92-C6F1-4FE6-AF99-DFCD51EBF6E9}.Release|x64.ActiveCfg = Release|Win32
		{EBDE1374-7281-454C-BFAD-451F0E5FA031}.Debug|Any CPU.ActiveCfg = Debug|Win32
		{EBDE1374-7281-454C-BFAD-451F0E5FA031}.Debug|Win32.ActiveCfg = Debug|Win32
		{EBDE1374-7281-454C-BFAD-451F0E5FA031}.Debug|Win32.Build.0 = Debug|Win32
		{EBDE1374-7281-454C-BFAD-451F0E5FA031}.Debug|x64.ActiveCfg = Debug|Win32
		{EBDE1374-7281-454C-BFAD-451F0E5FA031}.Release|Any CPU.ActiveCfg = Release|Win32
		{EBDE1374-7281-454C-BFAD-451F0E5FA031}.Release|Win32.ActiveCfg = Release|Win32
		{EBDE1374-7281-454C-BFAD-451F0E5FA031}.Release|Win32.Build.0 = Release|Win32
		{EBDE1374-7281-454C-BFAD-451F0E5FA031}.Release|x64.ActiveCfg = Release|Win32
		{7EB4D58F-7654-42DD-9090-5C20CF100694}.Debug|Any CPU.ActiveCfg = Debug|Win32
		{7EB4D58F-7654-42DD-9090-5C20CF100694}.Debug|Win32.ActiveCfg = Debug|Win32
		{7EB4D58F-7654-42DD-9090-5C20CF100694}.Debug|Win32.Build.0 = Debug|Win32
		{7EB4D58F-7654-42DD-9090-5C20CF100694}.Debug|x64.ActiveCfg = Debug|Win32
		{7EB4D58F-7654-42DD-9090-5C20CF100694}.Release|Any CPU.ActiveCfg = Release|Win32
		{7EB4D58F-7654-42DD-9090-5C20CF100694}.Release|Win32.ActiveCfg = Release|Win32
		{7EB4D58F-7654-42DD-9090-5C20CF100694}.Release|Win32.Build.0 = Release|Win32
		{7EB4D58F-7654-42DD-9090-5C20CF100694}.Release|x64.ActiveCfg = Release|Win32
		{853FAD17-F232-4FB0-B2B9-A53964C4F4F8}.Debug|Any CPU.ActiveCfg = Debug|Win32
		{853FAD17-F232-4FB0-B2B9-A53964C4F4F8}.Debug|Win32.ActiveCfg = Debug|Win32
		{853FAD17-F232-4FB0-B2B9-A53964C4F4F8}.Debug|Win32.Build.0 = Debug|Win32
		{853FAD17-F232-4FB0-B2B9-A53964C4F4F8}.Debug|x64.ActiveCfg = Debug|Win32
		{853FAD17-F232-4FB0-B2B9-A53964C4F4F8}.Release|Any CPU.ActiveCfg = Release|Win32
		{853FAD17-F232-4FB0-B2B9-A53964C4F4F8}.Release|Win32.ActiveCfg = Release|Win32
		{853FAD17-F232-4FB0-B2B9-A53964C4F4F8}.Release|Win32.Build.0 = Release|Win32
		{853FAD17-F232-4FB0-B2B9-A53964C4F4F8}.Release|x64.ActiveCfg = Release|Win32
		{D0F58F09-CEAC-48AC-88BE-861FB79BB57C}.Debug|Any CPU.ActiveCfg = Debug|Win32
		{D0F58F09-CEAC-48AC-88BE-861FB79BB57C}.Debug|Win32.ActiveCfg = Debug|Win32
		{D0F58F09-CEAC-48AC-88BE-861FB79BB57C}.Debug|Win32.Build.0 = Debug|Win32
		{D0F58F09-CEAC-48AC-88BE-861FB79BB57C}.Debug|x64.ActiveCfg = Debug|Win32
		{D0F58F09-CEAC-48AC-88BE-861FB79BB57C}.Release|Any CPU.ActiveCfg = Release|Win32
		{D0F58F09-CEAC-48AC-88BE-861FB79BB57C}.Release|Win32.ActiveCfg = Release|Win32
		{D0F58F09-CEAC-48AC-88BE-861FB79BB57C}.Release|Win32.Build.0 = Release|Win32
		{D0F58F09-CEAC-48AC-88BE-861FB79BB57C}.Release|x64.ActiveCfg = Release|Win32
		{57FA6338-D1E5-428C-A329-A3837EE86F1E}.Debug|Any CPU.ActiveCfg = Debug|Win32
		{57FA6338-D1E5-428C-A329-A3837EE86F1E}.Debug|Win32.ActiveCfg = Debug|Win32
		{57FA6338-D1E5-428C-A329-A3837EE86F1E}.Debug|Win32.Build.0 = Debug|Win32
		{57FA6338-D1E5-428C-A329-A3837EE86F1E}.Debug|x64.ActiveCfg = Debug|Win32
		{57FA6338-D1E5-428C-A329-A3837EE86F1E}.Release|Any CPU.ActiveCfg = Release|Win32
		{57FA6338-D1E5-428C-A329-A3837EE86F1E}.Release|Win32.ActiveCfg = Release|Win32
		{57FA6338-D1E5-428C-A329-A3837EE86F1E}.Release|Win32.Build.0 = Release|Win32
		{57FA6338-D1E5-428C-A329-A3837EE86F1E}.Release|x64.ActiveCfg = Debug|x64
		{F907CBE5-3E9E-47C2-BD5F-11C60452CB8F}.Debug|Any CPU.ActiveCfg = Debug|Win32
		{F907CBE5-3E9E-47C2-BD5F-11C60452CB8F}.Debug|Win32.ActiveCfg = Debug|Win32
		{F907CBE5-3E9E-47C2-BD5F-11C60452CB8F}.Debug|Win32.Build.0 = Debug|Win32
		{F907CBE5-3E9E-47C2-BD5F-11C60452CB8F}.Debug|x64.ActiveCfg = Debug|Win32
		{F907CBE5-3E9E-47C2-BD5F-11C60452CB8F}.Release|Any CPU.ActiveCfg = Release|Win32
		{F907CBE5-3E9E-47C2-BD5F-11C60452CB8F}.Release|Win32.ActiveCfg = Release|Win32
		{F907CBE5-3E9E-47C2-BD5F-11C60452CB8F}.Release|Win32.Build.0 = Release|Win32
		{F907CBE5-3E9E-47C2-BD5F-11C60452CB8F}.Release|x64.ActiveCfg = Debug|x64
		{408ADA96-FE40-45FA-8F0C-97A77306043A}.Debug|Any CPU.ActiveCfg = Debug|Win32
		{408ADA96-FE40-45FA-8F0C-97A77306043A}.Debug|Win32.ActiveCfg = Debug|Win32
		{408ADA96-FE40-45FA-8F0C-97A77306043A}.Debug|Win32.Build.0 = Debug|Win32
		{408ADA96-FE40-45FA-8F0C-97A77306043A}.Debug|x64.ActiveCfg = Debug|Win32
		{408ADA96-FE40-45FA-8F0C-97A77306043A}.Release|Any CPU.ActiveCfg = Release|Win32
		{408ADA96-FE40-45FA-8F0C-97A77306043A}.Release|Win32.ActiveCfg = Release|Win32
		{408ADA96-FE40-45FA-8F0C-97A77306043A}.Release|Win32.Build.0 = Release|Win32
		{408ADA96-FE40-45FA-8F0C-97A77306043A}.Release|x64.ActiveCfg = Release|Win32
		{FD21EB70-1630-4C5B-B1B8-5FEAA4FEF7A4}.Debug|Any CPU.ActiveCfg = Debug|Win32
		{FD21EB70-1630-4C5B-B1B8-5FEAA4FEF7A4}.Debug|Win32.ActiveCfg = Debug|Win32
		{FD21EB70-1630-4C5B-B1B8-5FEAA4FEF7A4}.Debug|Win32.Build.0 = Debug|Win32
		{FD21EB70-1630-4C5B-B1B8-5FEAA4FEF7A4}.Debug|x64.ActiveCfg = Debug|Win32
		{FD21EB70-1630-4C5B-B1B8-5FEAA4FEF7A4}.Release|Any CPU.ActiveCfg = Release|Win32
		{FD21EB70-1630-4C5B-B1B8-5FEAA4FEF7A4}.Release|Win32.ActiveCfg = Release|Win32
		{FD21EB70-1630-4C5B-B1B8-5FEAA4FEF7A4}.Release|Win32.Build.0 = Release|Win32
		{FD21EB70-1630-4C5B-B1B8-5FEAA4FEF7A4}.Release|x64.ActiveCfg = Release|Win32
		{98CDF38C-5ED4-4F7F-B9F5-2FB27B864C3A}.Debug|Any CPU.ActiveCfg = Debug|Win32
		{98CDF38C-5ED4-4F7F-B9F5-2FB27B864C3A}.Debug|Win32.ActiveCfg = Debug|Win32
		{98CDF38C-5ED4-4F7F-B9F5-2FB27B864C3A}.Debug|Win32.Build.0 = Debug|Win32
		{98CDF38C-5ED4-4F7F-B9F5-2FB27B864C3A}.Debug|x64.ActiveCfg = Debug|Win32
		{98CDF38C-5ED4-4F7F-B9F5-2FB27B864C3A}.Release|Any CPU.ActiveCfg = Release|Win32
		{98CDF38C-5ED4-4F7F-B9F5-2FB27B864C3A}.Release|Win32.ActiveCfg = Release|Win32
		{98CDF38C-5ED4-4F7F-B9F5-2FB27B864C3A}.Release|Win32.Build.0 = Release|Win32
		{98CDF38C-5ED4-4F7F-B9F5-2FB27B864C3A}.Release|x64.ActiveCfg = Release|Win32
		{7827D9E5-416F-4D49-A5AC-02BC36366123}.Debug|Any CPU.ActiveCfg = Debug|Win32
		{7827D9E5-416F-4D49-A5AC-02BC36366123}.Debug|Win32.ActiveCfg = Debug|Win32
		{7827D9E5-416F-4D49-A5AC-02BC36366123}.Debug|Win32.Build.0 = Debug|Win32
		{7827D9E5-416F-4D49-A5AC-02BC36366123}.Debug|x64.ActiveCfg = Debug|Win32
		{7827D9E5-416F-4D49-A5AC-02BC36366123}.Release|Any CPU.ActiveCfg = Release|Win32
		{7827D9E5-416F-4D49-A5AC-02BC36366123}.Release|Win32.ActiveCfg = Release|Win32
		{7827D9E5-416F-4D49-A5AC-02BC36366123}.Release|Win32.Build.0 = Release|Win32
		{7827D9E5-416F-4D49-A5AC-02BC36366123}.Release|x64.ActiveCfg = Release|Win32
		{FA0263A6-896C-4E89-B702-922E351CA548}.Debug|Any CPU.ActiveCfg = Debug|Win32
		{FA0263A6-896C-4E89-B702-922E351CA548}.Debug|Win32.ActiveCfg = Debug|Win32
		{FA0263A6-896C-4E89-B702-922E351CA548}.Debug|Win32.Build.0 = Debug|Win32
		{FA0263A6-896C-4E89-B702-922E351CA548}.Debug|x64.ActiveCfg = Debug|Win32
		{FA0263A6-896C-4E89-B702-922E351CA548}.Release|Any CPU.ActiveCfg = Release|Win32
		{FA0263A6-896C-4E89-B702-922E351CA548}.Release|Win32.ActiveCfg = Release|Win32
		{FA0263A6-896C-4E89-B702-922E351CA548}.Release|Win32.Build.0 = Release|Win32
		{FA0263A6-896C-4E89-B702-922E351CA548}.Release|x64.ActiveCfg = Release|Win32
		{17E0AD5C-4A42-4545-B17F-8F72E0025D63}.Debug|Any CPU.ActiveCfg = Debug|Win32
		{17E0AD5C-4A42-4545-B17F-8F72E0025D63}.Debug|Win32.ActiveCfg = Debug|Win32
		{17E0AD5C-4A42-4545-B17F-8F72E0025D63}.Debug|Win32.Build.0 = Debug|Win32
		{17E0AD5C-4A42-4545-B17F-8F72E0025D63}.Debug|x64.ActiveCfg = Debug|Win32
		{17E0AD5C-4A42-4545-B17F-8F72E0025D63}.Release|Any CPU.ActiveCfg = Release|Win32
		{17E0AD5C-4A42-4545-B17F-8F72E0025D63}.Release|Win32.ActiveCfg = Release|Win32
		{17E0AD5C-4A42-4545-B17F-8F72E0025D63}.Release|Win32.Build.0 = Release|Win32
		{17E0AD5C-4A42-4545-B17F-8F72E0025D63}.Release|x64.ActiveCfg = Release|Win32
		{AB68CE04-38EB-4E78-9889-050D2C32159A}.Debug|Any CPU.ActiveCfg = Debug|Win32
		{AB68CE04-38EB-4E78-9889-050D2C32159A}.Debug|Win32.ActiveCfg = Debug|Win32
		{AB68CE04-38EB-4E78-9889-050D2C32159A}.Debug|Win32.Build.0 = Debug|Win32
		{AB68CE04-38EB-4E78-9889-050D2C32159A}.Debug|x64.ActiveCfg = Debug|Win32
		{AB68CE04-38EB-4E78-9889-050D2C32159A}.Release|Any CPU.ActiveCfg = Release|Win32
		{AB68CE04-38EB-4E78-9889-050D2C32159A}.Release|Win32.ActiveCfg = Release|Win32
		{AB68CE04-38EB-4E78-9889-050D2C32159A}.Release|Win32.Build.0 = Release|Win32
		{AB68CE04-38EB-4E78-9889-050D2C32159A}.Release|x64.ActiveCfg = Release|Win32
		{94F547DE-DB82-4C73-9889-904908B571E3}.Debug|Any CPU.ActiveCfg = Debug|Win32
		{94F547DE-DB82-4C73-9889-904908B571E3}.Debug|Win32.ActiveCfg = Debug|Win32
		{94F547DE-DB82-4C73-9889-904908B571E3}.Debug|Win32.Build.0 = Debug|Win32
		{94F547DE-DB82-4C73-9889-904908B571E3}.Debug|x64.ActiveCfg = Debug|Win32
		{94F547DE-DB82-4C73-9889-904908B571E3}.Release|Any CPU.ActiveCfg = Release|Win32
		{94F547DE-DB82-4C73-9889-904908B571E3}.Release|Win32.ActiveCfg = Release|Win32
		{94F547DE-DB82-4C73-9889-904908B571E3}.Release|Win32.Build.0 = Release|Win32
		{94F547DE-DB82-4C73-9889-904908B571E3}.Release|x64.ActiveCfg = Release|Win32
		{5433DE32-F284-402C-A90E-0511F2594D80}.Debug|Any CPU.ActiveCfg = Debug|Win32
		{5433DE32-F284-402C-A90E-0511F2594D80}.Debug|Win32.ActiveCfg = Debug|Win32
		{5433DE32-F284-402C-A90E-0511F2594D80}.Debug|Win32.Build.0 = Debug|Win32
		{5433DE32-F284-402C-A90E-0511F2594D80}.Debug|x64.ActiveCfg = Debug|Win32
		{5433DE32-F284-402C-A90E-0511F2594D80}.Release|Any CPU.ActiveCfg = Release|Win32
		{5433DE32-F284-402C-A90E-0511F2594D80}.Release|Win32.ActiveCfg = Release|Win32
		{5433DE32-F284-402C-A90E-0511F2594D80}.Release|Win32.Build.0 = Release|Win32
		{5433DE32-F284-402C-A90E-0511F2594D80}.Release|x64.ActiveCfg = Release|Win32
		{58750A8E-BD07-4657-A68D-6F7C2ADF6C89}.Debug|Any CPU.ActiveCfg = Debug|Win32
		{58750A8E-BD07-4657-A68D-6F7C2ADF6C89}.Debug|Win32.ActiveCfg = Debug|Win32
		{58750A8E-BD07-4657-A68D-6F7C2ADF6C89}.Debug|Win32.Build.0 = Debug|Win32
		{58750A8E-BD07-4657-A68D-6F7C2ADF6C89}.Debug|x64.ActiveCfg = Debug|Win32
		{58750A8E-BD07-4657-A68D-6F7C2ADF6C89}.Release|Any CPU.ActiveCfg = Release|Win32
		{58750A8E-BD07-4657-A68D-6F7C2ADF6C89}.Release|Win32.ActiveCfg = Release|Win32
		{58750A8E-BD07-4657-A68D-6F7C2ADF6C89}.Release|Win32.Build.0 = Release|Win32
		{58750A8E-BD07-4657-A68D-6F7C2ADF6C89}.Release|x64.ActiveCfg = Release|Win32
		{C2FC45C3-D5BA-47DB-A1A7-1CBB030CE0FF}.Debug|Any CPU.ActiveCfg = Debug|Win32
		{C2FC45C3-D5BA-47DB-A1A7-1CBB030CE0FF}.Debug|Win32.ActiveCfg = Debug|Win32
		{C2FC45C3-D5BA-47DB-A1A7-1CBB030CE0FF}.Debug|Win32.Build.0 = Debug|Win32
		{C2FC45C3-D5BA-47DB-A1A7-1CBB030CE0FF}.Debug|x64.ActiveCfg = Debug|Win32
		{C2FC45C3-D5BA-47DB-A1A7-1CBB030CE0FF}.Release|Any CPU.ActiveCfg = Release|Win32
		{C2FC45C3-D5BA-47DB-A1A7-1CBB030CE0FF}.Release|Win32.ActiveCfg = Release|Win32
		{C2FC45C3-D5BA-47DB-A1A7-1CBB030CE0FF}.Release|Win32.Build.0 = Release|Win32
		{C2FC45C3-D5BA-47DB-A1A7-1CBB030CE0FF}.Release|x64.ActiveCfg = Release|Win32
		{84CDEB24-49D6-4135-81DD-B53451F3A505}.Debug|Any CPU.ActiveCfg = Debug|Win32
		{84CDEB24-49D6-4135-81DD-B53451F3A505}.Debug|Win32.ActiveCfg = Debug|Win32
		{84CDEB24-49D6-4135-81DD-B53451F3A505}.Debug|Win32.Build.0 = Debug|Win32
		{84CDEB24-49D6-4135-81DD-B53451F3A505}.Debug|x64.ActiveCfg = Release|x64
		{84CDEB24-49D6-4135-81DD-B53451F3A505}.Debug|x64.Build.0 = Release|x64
		{84CDEB24-49D6-4135-81DD-B53451F3A505}.Release|Any CPU.ActiveCfg = Release|Win32
		{84CDEB24-49D6-4135-81DD-B53451F3A505}.Release|Win32.ActiveCfg = Release|Win32
		{84CDEB24-49D6-4135-81DD-B53451F3A505}.Release|Win32.Build.0 = Release|Win32
		{84CDEB24-49D6-4135-81DD-B53451F3A505}.Release|x64.ActiveCfg = Debug|x64
		{1FE03029-1FC0-4AD1-BB7D-B240833ABE86}.Debug|Any CPU.ActiveCfg = Debug|Win32
		{1FE03029-1FC0-4AD1-BB7D-B240833ABE86}.Debug|Win32.ActiveCfg = Debug|Win32
		{1FE03029-1FC0-4AD1-BB7D-B240833ABE86}.Debug|Win32.Build.0 = Debug|Win32
		{1FE03029-1FC0-4AD1-BB7D-B240833ABE86}.Debug|x64.ActiveCfg = Debug|Win32
		{1FE03029-1FC0-4AD1-BB7D-B240833ABE86}.Release|Any CPU.ActiveCfg = Release|Win32
		{1FE03029-1FC0-4AD1-BB7D-B240833ABE86}.Release|Win32.ActiveCfg = Release|Win32
		{1FE03029-1FC0-4AD1-BB7D-B240833ABE86}.Release|Win32.Build.0 = Release|Win32
		{1FE03029-1FC0-4AD1-BB7D-B240833ABE86}.Release|x64.ActiveCfg = Release|Win32
		{002ACCEC-2D4E-400F-9BEF-AB9DFF004489}.Debug|Any CPU.ActiveCfg = Debug|Win32
		{002ACCEC-2D4E-400F-9BEF-AB9DFF004489}.Debug|Win32.ActiveCfg = Debug|Win32
		{002ACCEC-2D4E-400F-9BEF-AB9DFF004489}.Debug|Win32.Build.0 = Debug|Win32
		{002ACCEC-2D4E-400F-9BEF-AB9DFF004489}.Debug|x64.ActiveCfg = Debug|x64
		{002ACCEC-2D4E-400F-9BEF-AB9DFF004489}.Debug|x64.Build.0 = Debug|x64
		{002ACCEC-2D4E-400F-9BEF-AB9DFF004489}.Release|Any CPU.ActiveCfg = Release|Win32
		{002ACCEC-2D4E-400F-9BEF-AB9DFF004489}.Release|Win32.ActiveCfg = Release|Win32
		{002ACCEC-2D4E-400F-9BEF-AB9DFF004489}.Release|Win32.Build.0 = Release|Win32
		{002ACCEC-2D4E-400F-9BEF-AB9DFF004489}.Release|x64.ActiveCfg = Release|x64
		{002ACCEC-2D4E-400F-9BEF-AB9DFF004489}.Release|x64.Build.0 = Release|x64
		{20167883-4420-415C-8936-69E3B018C418}.Debug|Any CPU.ActiveCfg = Debug|Win32
		{20167883-4420-415C-8936-69E3B018C418}.Debug|Win32.ActiveCfg = Debug|Win32
		{20167883-4420-415C-8936-69E3B018C418}.Debug|Win32.Build.0 = Debug|Win32
		{20167883-4420-415C-8936-69E3B018C418}.Debug|x64.ActiveCfg = Debug|x64
		{20167883-4420-415C-8936-69E3B018C418}.Debug|x64.Build.0 = Debug|x64
		{20167883-4420-415C-8936-69E3B018C418}.Release|Any CPU.ActiveCfg = Release|Win32
		{20167883-4420-415C-8936-69E3B018C418}.Release|Win32.ActiveCfg = Release|Win32
		{20167883-4420-415C-8936-69E3B018C418}.Release|Win32.Build.0 = Release|Win32
		{20167883-4420-415C-8936-69E3B018C418}.Release|x64.ActiveCfg = Release|x64
		{20167883-4420-415C-8936-69E3B018C418}.Release|x64.Build.0 = Release|x64
		{6FA933B2-B77D-44D8-9C19-689C08EA1E73}.Debug|Any CPU.ActiveCfg = Debug|Win32
		{6FA933B2-B77D-44D8-9C19-689C08EA1E73}.Debug|Win32.ActiveCfg = Debug|Win32
		{6FA933B2-B77D-44D8-9C19-689C08EA1E73}.Debug|Win32.Build.0 = Debug|Win32
		{6FA933B2-B77D-44D8-9C19-689C08EA1E73}.Debug|x64.ActiveCfg = Debug|x64
		{6FA933B2-B77D-44D8-9C19-689C08EA1E73}.Debug|x64.Build.0 = Debug|x64
		{6FA933B2-B77D-44D8-9C19-689C08EA1E73}.Release|Any CPU.ActiveCfg = Release|Win32
		{6FA933B2-B77D-44D8-9C19-689C08EA1E73}.Release|Win32.ActiveCfg = Release|Win32
		{6FA933B2-B77D-44D8-9C19-689C08EA1E73}.Release|Win32.Build.0 = Release|Win32
		{6FA933B2-B77D-44D8-9C19-689C08EA1E73}.Release|x64.ActiveCfg = Release|x64
		{6FA933B2-B77D-44D8-9C19-689C08EA1E73}.Release|x64.Build.0 = Release|x64
		{31A02084-0F5E-4895-9125-2D50A1C39B8D}.Debug|Any CPU.ActiveCfg = Debug|Win32
		{31A02084-0F5E-4895-9125-2D50A1C39B8D}.Debug|Win32.ActiveCfg = Debug|Win32
		{31A02084-0F5E-4895-9125-2D50A1C39B8D}.Debug|Win32.Build.0 = Debug|Win32
		{31A02084-0F5E-4895-9125-2D50A1C39B8D}.Debug|x64.ActiveCfg = Debug|x64
		{31A02084-0F5E-4895-9125-2D50A1C39B8D}.Debug|x64.Build.0 = Debug|x64
		{31A02084-0F5E-4895-9125-2D50A1C39B8D}.Release|Any CPU.ActiveCfg = Release|Win32
		{31A02084-0F5E-4895-9125-2D50A1C39B8D}.Release|Win32.ActiveCfg = Release|Win32
		{31A02084-0F5E-4895-9125-2D50A1C39B8D}.Release|Win32.Build.0 = Release|Win32
		{31A02084-0F5E-4895-9125-2D50A1C39B8D}.Release|x64.ActiveCfg = Release|x64
		{31A02084-0F5E-4895-9125-2D50A1C39B8D}.Release|x64.Build.0 = Release|x64
		{D415CEDD-83C3-4F0E-B157-5BAFE33C05EE}.Debug|Any CPU.ActiveCfg = Debug|Win32
		{D415CEDD-83C3-4F0E-B157-5BAFE33C05EE}.Debug|Win32.ActiveCfg = Debug|Win32
		{D415CEDD-83C3-4F0E-B157-5BAFE33C05EE}.Debug|Win32.Build.0 = Debug|Win32
		{D415CEDD-83C3-4F0E-B157-5BAFE33C05EE}.Debug|x64.ActiveCfg = Debug|x64
		{D415CEDD-83C3-4F0E-B157-5BAFE33C05EE}.Debug|x64.Build.0 = Debug|x64
		{D415CEDD-83C3-4F0E-B157-5BAFE33C05EE}.Release|Any CPU.ActiveCfg = Release|Win32
		{D415CEDD-83C3-4F0E-B157-5BAFE33C05EE}.Release|Win32.ActiveCfg = Release|Win32
		{D415CEDD-83C3-4F0E-B157-5BAFE33C05EE}.Release|Win32.Build.0 = Release|Win32
		{D415CEDD-83C3-4F0E-B157-5BAFE33C05EE}.Release|x64.ActiveCfg = Release|x64
		{D415CEDD-83C3-4F0E-B157-5BAFE33C05EE}.Release|x64.Build.0 = Release|x64
		{F84E21FB-7868-459E-9D2A-6EDC61B2897A}.Debug|Any CPU.ActiveCfg = Debug|Win32
		{F84E21FB-7868-459E-9D2A-6EDC61B2897A}.Debug|Win32.ActiveCfg = Debug|Win32
		{F84E21FB-7868-459E-9D2A-6EDC61B2897A}.Debug|Win32.Build.0 = Debug|Win32
		{F84E21FB-7868-459E-9D2A-6EDC61B2897A}.Debug|x64.ActiveCfg = Debug|Win32
		{F84E21FB-7868-459E-9D2A-6EDC61B2897A}.Release|Any CPU.ActiveCfg = Release|Win32
		{F84E21FB-7868-459E-9D2A-6EDC61B2897A}.Release|Win32.ActiveCfg = Release|Win32
		{F84E21FB-7868-459E-9D2A-6EDC61B2897A}.Release|Win32.Build.0 = Release|Win32
		{F84E21FB-7868-459E-9D2A-6EDC61B2897A}.Release|x64.ActiveCfg = Release|Win32
		{FFAC739E-2C10-4CD0-A0CE-7612F5A46886}.Debug|Any CPU.ActiveCfg = Debug|Win32
		{FFAC739E-2C10-4CD0-A0CE-7612F5A46886}.Debug|Win32.ActiveCfg = Debug|Win32
		{FFAC739E-2C10-4CD0-A0CE-7612F5A46886}.Debug|Win32.Build.0 = Debug|Win32
		{FFAC739E-2C10-4CD0-A0CE-7612F5A46886}.Debug|x64.ActiveCfg = Debug|x64
		{FFAC739E-2C10-4CD0-A0CE-7612F5A46886}.Debug|x64.Build.0 = Debug|x64
		{FFAC739E-2C10-4CD0-A0CE-7612F5A46886}.Release|Any CPU.ActiveCfg = Release|Win32
		{FFAC739E-2C10-4CD0-A0CE-7612F5A46886}.Release|Win32.ActiveCfg = Release|Win32
		{FFAC739E-2C10-4CD0-A0CE-7612F5A46886}.Release|Win32.Build.0 = Release|Win32
		{FFAC739E-2C10-4CD0-A0CE-7612F5A46886}.Release|x64.ActiveCfg = Debug|x64
		{FFAC739E-2C10-4CD0-A0CE-7612F5A46886}.Release|x64.Build.0 = Debug|x64
		{94B36C99-81AB-4823-88A3-BC52EEE68180}.Debug|Any CPU.ActiveCfg = Debug|Any CPU
		{94B36C99-81AB-4823-88A3-BC52EEE68180}.Debug|Any CPU.Build.0 = Debug|Any CPU
		{94B36C99-81AB-4823-88A3-BC52EEE68180}.Debug|Win32.ActiveCfg = Debug|Any CPU
		{94B36C99-81AB-4823-88A3-BC52EEE68180}.Debug|Win32.Build.0 = Debug|Any CPU
		{94B36C99-81AB-4823-88A3-BC52EEE68180}.Debug|x64.ActiveCfg = Debug|x64
		{94B36C99-81AB-4823-88A3-BC52EEE68180}.Debug|x64.Build.0 = Debug|x64
		{94B36C99-81AB-4823-88A3-BC52EEE68180}.Release|Any CPU.ActiveCfg = Release|Any CPU
		{94B36C99-81AB-4823-88A3-BC52EEE68180}.Release|Any CPU.Build.0 = Release|Any CPU
		{94B36C99-81AB-4823-88A3-BC52EEE68180}.Release|Win32.ActiveCfg = Release|Any CPU
		{94B36C99-81AB-4823-88A3-BC52EEE68180}.Release|Win32.Build.0 = Release|Any CPU
		{94B36C99-81AB-4823-88A3-BC52EEE68180}.Release|x64.ActiveCfg = Debug|x64
		{94B36C99-81AB-4823-88A3-BC52EEE68180}.Release|x64.Build.0 = Debug|x64
		{9C022375-B7DE-4E5A-9BCB-5E05D523D015}.Debug|Any CPU.ActiveCfg = Debug|Any CPU
		{9C022375-B7DE-4E5A-9BCB-5E05D523D015}.Debug|Any CPU.Build.0 = Debug|Any CPU
		{9C022375-B7DE-4E5A-9BCB-5E05D523D015}.Debug|Win32.ActiveCfg = Debug|Any CPU
		{9C022375-B7DE-4E5A-9BCB-5E05D523D015}.Debug|Win32.Build.0 = Debug|Any CPU
		{9C022375-B7DE-4E5A-9BCB-5E05D523D015}.Debug|x64.ActiveCfg = Debug|x64
		{9C022375-B7DE-4E5A-9BCB-5E05D523D015}.Debug|x64.Build.0 = Debug|x64
		{9C022375-B7DE-4E5A-9BCB-5E05D523D015}.Release|Any CPU.ActiveCfg = Release|Any CPU
		{9C022375-B7DE-4E5A-9BCB-5E05D523D015}.Release|Any CPU.Build.0 = Release|Any CPU
		{9C022375-B7DE-4E5A-9BCB-5E05D523D015}.Release|Win32.ActiveCfg = Release|Any CPU
		{9C022375-B7DE-4E5A-9BCB-5E05D523D015}.Release|Win32.Build.0 = Release|Any CPU
		{9C022375-B7DE-4E5A-9BCB-5E05D523D015}.Release|x64.ActiveCfg = Debug|x64
		{9C022375-B7DE-4E5A-9BCB-5E05D523D015}.Release|x64.Build.0 = Debug|x64
	EndGlobalSection
	GlobalSection(SolutionProperties) = preSolution
		HideSolutionNode = FALSE
	EndGlobalSection
	GlobalSection(NestedProjects) = preSolution
		{52F7C011-E8B0-430A-8A76-B8293F2D43F0} = {CEA963E4-EE6B-441A-A084-1F1A4F024590}
		{1C7D3ABE-9CE5-426D-BEA1-21C76902402D} = {CEA963E4-EE6B-441A-A084-1F1A4F024590}
		{792B883D-EEFC-45DA-B548-B5D5DCE951EC} = {91CED3AA-B204-4FFD-97B3-50E03E463843}
		{3A5DB29C-BC64-441D-A479-2215FFC1E02C} = {91CED3AA-B204-4FFD-97B3-50E03E463843}
		{C36CAC3B-3C92-4448-91E7-52AF4A32B233} = {91CED3AA-B204-4FFD-97B3-50E03E463843}
		{2346B8BB-E20E-43FB-BD9F-4D2EDA44506C} = {74793AC8-1223-4E76-900E-8BCF477D8C26}
		{3E582B64-6F44-4A5F-99DA-9B24830E429A} = {9DF0FCCD-E9D4-488D-89E1-E0FE5DAB6B40}
		{CBD1E039-9419-40D1-9751-6F3672396922} = {74793AC8-1223-4E76-900E-8BCF477D8C26}
		{3E7D80C0-C2A7-4D07-96E2-1007BC18AC5D} = {9DF0FCCD-E9D4-488D-89E1-E0FE5DAB6B40}
		{0B98AE9C-BD62-4554-827E-30AA21F9DB76} = {74793AC8-1223-4E76-900E-8BCF477D8C26}
		{5B2E4FFA-401D-4E91-B333-A98511B12D27} = {9DF0FCCD-E9D4-488D-89E1-E0FE5DAB6B40}
		{E761CBB3-0AAC-4416-974F-000761BBEA30} = {74793AC8-1223-4E76-900E-8BCF477D8C26}
		{C734EF9B-C42B-4F51-83EC-D3C4CF01E395} = {9DF0FCCD-E9D4-488D-89E1-E0FE5DAB6B40}
		{3C7B6841-C174-4595-BB3C-45B7136D1FE3} = {74793AC8-1223-4E76-900E-8BCF477D8C26}
		{EE075B27-916A-4A49-978D-758403ABF1E9} = {9DF0FCCD-E9D4-488D-89E1-E0FE5DAB6B40}
		{B26DFA60-35AC-4A12-97A7-0F0C36B13D6D} = {9DF0FCCD-E9D4-488D-89E1-E0FE5DAB6B40}
		{3A831C0F-2278-4CA0-9A77-6C6D3AF93CDA} = {74793AC8-1223-4E76-900E-8BCF477D8C26}
		{6D6A369D-E86D-4897-BAB9-3D2C3686DE3C} = {74793AC8-1223-4E76-900E-8BCF477D8C26}
		{67C375F4-3B00-4129-9FDA-5256BDB17360} = {9DF0FCCD-E9D4-488D-89E1-E0FE5DAB6B40}
		{89143C92-C6F1-4FE6-AF99-DFCD51EBF6E9} = {74793AC8-1223-4E76-900E-8BCF477D8C26}
		{EBDE1374-7281-454C-BFAD-451F0E5FA031} = {74793AC8-1223-4E76-900E-8BCF477D8C26}
		{7EB4D58F-7654-42DD-9090-5C20CF100694} = {9DF0FCCD-E9D4-488D-89E1-E0FE5DAB6B40}
		{853FAD17-F232-4FB0-B2B9-A53964C4F4F8} = {74793AC8-1223-4E76-900E-8BCF477D8C26}
		{D0F58F09-CEAC-48AC-88BE-861FB79BB57C} = {9DF0FCCD-E9D4-488D-89E1-E0FE5DAB6B40}
		{57FA6338-D1E5-428C-A329-A3837EE86F1E} = {74793AC8-1223-4E76-900E-8BCF477D8C26}
		{F907CBE5-3E9E-47C2-BD5F-11C60452CB8F} = {9DF0FCCD-E9D4-488D-89E1-E0FE5DAB6B40}
		{408ADA96-FE40-45FA-8F0C-97A77306043A} = {74793AC8-1223-4E76-900E-8BCF477D8C26}
		{FD21EB70-1630-4C5B-B1B8-5FEAA4FEF7A4} = {9DF0FCCD-E9D4-488D-89E1-E0FE5DAB6B40}
		{98CDF38C-5ED4-4F7F-B9F5-2FB27B864C3A} = {74793AC8-1223-4E76-900E-8BCF477D8C26}
		{7827D9E5-416F-4D49-A5AC-02BC36366123} = {74793AC8-1223-4E76-900E-8BCF477D8C26}
		{FA0263A6-896C-4E89-B702-922E351CA548} = {9DF0FCCD-E9D4-488D-89E1-E0FE5DAB6B40}
		{17E0AD5C-4A42-4545-B17F-8F72E0025D63} = {9DF0FCCD-E9D4-488D-89E1-E0FE5DAB6B40}
		{AB68CE04-38EB-4E78-9889-050D2C32159A} = {74793AC8-1223-4E76-900E-8BCF477D8C26}
		{94F547DE-DB82-4C73-9889-904908B571E3} = {74793AC8-1223-4E76-900E-8BCF477D8C26}
		{5433DE32-F284-402C-A90E-0511F2594D80} = {9DF0FCCD-E9D4-488D-89E1-E0FE5DAB6B40}
		{58750A8E-BD07-4657-A68D-6F7C2ADF6C89} = {9DF0FCCD-E9D4-488D-89E1-E0FE5DAB6B40}
		{84CDEB24-49D6-4135-81DD-B53451F3A505} = {91CED3AA-B204-4FFD-97B3-50E03E463843}
		{1FE03029-1FC0-4AD1-BB7D-B240833ABE86} = {9DF0FCCD-E9D4-488D-89E1-E0FE5DAB6B40}
		{002ACCEC-2D4E-400F-9BEF-AB9DFF004489} = {CEA963E4-EE6B-441A-A084-1F1A4F024590}
		{20167883-4420-415C-8936-69E3B018C418} = {CEA963E4-EE6B-441A-A084-1F1A4F024590}
		{6FA933B2-B77D-44D8-9C19-689C08EA1E73} = {CEA963E4-EE6B-441A-A084-1F1A4F024590}
		{31A02084-0F5E-4895-9125-2D50A1C39B8D} = {74793AC8-1223-4E76-900E-8BCF477D8C26}
		{D415CEDD-83C3-4F0E-B157-5BAFE33C05EE} = {9DF0FCCD-E9D4-488D-89E1-E0FE5DAB6B40}
		{74793AC8-1223-4E76-900E-8BCF477D8C26} = {4260607F-D736-40DB-8F17-36CBD37A0FDE}
		{9DF0FCCD-E9D4-488D-89E1-E0FE5DAB6B40} = {4260607F-D736-40DB-8F17-36CBD37A0FDE}
		{F84E21FB-7868-459E-9D2A-6EDC61B2897A} = {77087268-D37F-4C6C-9834-9A325F725B6C}
		{36CDC8B9-D0E9-45AF-A6CB-8E046607A94C} = {77087268-D37F-4C6C-9834-9A325F725B6C}
		{FFAC739E-2C10-4CD0-A0CE-7612F5A46886} = {36CDC8B9-D0E9-45AF-A6CB-8E046607A94C}
		{94B36C99-81AB-4823-88A3-BC52EEE68180} = {36CDC8B9-D0E9-45AF-A6CB-8E046607A94C}
		{9C022375-B7DE-4E5A-9BCB-5E05D523D015} = {53088612-5DB1-44F2-87D3-4C5F7CE2D06A}
		{53088612-5DB1-44F2-87D3-4C5F7CE2D06A} = {36CDC8B9-D0E9-45AF-A6CB-8E046607A94C}
	EndGlobalSection
EndGlobal
